
Microsoft Visual Studio Solution File, Format Version 12.00
# Visual Studio Version 17
VisualStudioVersion = 17.10.35013.160
MinimumVisualStudioVersion = 10.0.40219.1
Project("{FAE04EC0-301F-11D3-BF4B-00C04F79EFBC}") = "CadastroMatricula", "CadastroMatricula\CadastroMatricula.csproj", "{EC618D33-0C4B-4B1F-922B-952359D95D57}"
EndProject
Global
	GlobalSection(SolutionConfigurationPlatforms) = preSolution
		Debug|Any CPU = Debug|Any CPU
		Release|Any CPU = Release|Any CPU
	EndGlobalSection
	GlobalSection(ProjectConfigurationPlatforms) = postSolution
		{EC618D33-0C4B-4B1F-922B-952359D95D57}.Debug|Any CPU.ActiveCfg = Debug|Any CPU
		{EC618D33-0C4B-4B1F-922B-952359D95D57}.Debug|Any CPU.Build.0 = Debug|Any CPU
		{EC618D33-0C4B-4B1F-922B-952359D95D57}.Release|Any CPU.ActiveCfg = Release|Any CPU
		{EC618D33-0C4B-4B1F-922B-952359D95D57}.Release|Any CPU.Build.0 = Release|Any CPU
	EndGlobalSection
	GlobalSection(SolutionProperties) = preSolution
		HideSolutionNode = FALSE
	EndGlobalSection
	GlobalSection(ExtensibilityGlobals) = postSolution
		SolutionGuid = {F19A220A-7DFE-47DE-893D-D084E21C70C3}
	EndGlobalSection
EndGlobal
